
Microsoft Visual Studio Solution File, Format Version 12.00
# Visual Studio Version 16
VisualStudioVersion = 16.0.30717.126
MinimumVisualStudioVersion = 10.0.40219.1
Project("{FAE04EC0-301F-11D3-BF4B-00C04F79EFBC}") = "ContosoUniversity", "ContosoUniversity\ContosoUniversity.csproj", "{AB766FE3-DA6B-49E8-8444-32A457E01B16}"
EndProject
Global
	GlobalSection(SolutionConfigurationPlatforms) = preSolution
		Debug|Any CPU = Debug|Any CPU
		Release|Any CPU = Release|Any CPU
	EndGlobalSection
	GlobalSection(ProjectConfigurationPlatforms) = postSolution
		{AB766FE3-DA6B-49E8-8444-32A457E01B16}.Debug|Any CPU.ActiveCfg = Debug|Any CPU
		{AB766FE3-DA6B-49E8-8444-32A457E01B16}.Debug|Any CPU.Build.0 = Debug|Any CPU
		{AB766FE3-DA6B-49E8-8444-32A457E01B16}.Release|Any CPU.ActiveCfg = Release|Any CPU
		{AB766FE3-DA6B-49E8-8444-32A457E01B16}.Release|Any CPU.Build.0 = Release|Any CPU
	EndGlobalSection
	GlobalSection(SolutionProperties) = preSolution
		HideSolutionNode = FALSE
	EndGlobalSection
	GlobalSection(ExtensibilityGlobals) = postSolution
		SolutionGuid = {0DEF414D-AEF5-4C37-B2F7-D4AB17E698C1}
	EndGlobalSection
EndGlobal
